
Microsoft Visual Studio Solution File, Format Version 12.00
Project("{FAE04EC0-301F-11D3-BF4B-00C04F79EFBC}") = "MinecraftButScuffed", "MinecraftButScuffed\MinecraftButScuffed.csproj", "{DD0D9EFF-828F-44C1-82A5-970F7813D409}"
EndProject
Global
	GlobalSection(SolutionConfigurationPlatforms) = preSolution
		Debug|Any CPU = Debug|Any CPU
		Release|Any CPU = Release|Any CPU
	EndGlobalSection
	GlobalSection(ProjectConfigurationPlatforms) = postSolution
		{DD0D9EFF-828F-44C1-82A5-970F7813D409}.Debug|Any CPU.ActiveCfg = Debug|Any CPU
		{DD0D9EFF-828F-44C1-82A5-970F7813D409}.Debug|Any CPU.Build.0 = Debug|Any CPU
		{DD0D9EFF-828F-44C1-82A5-970F7813D409}.Release|Any CPU.ActiveCfg = Release|Any CPU
		{DD0D9EFF-828F-44C1-82A5-970F7813D409}.Release|Any CPU.Build.0 = Release|Any CPU
	EndGlobalSection
EndGlobal
